
Microsoft Visual Studio Solution File, Format Version 12.00
# Visual Studio Version 17
VisualStudioVersion = 17.2.32630.192
MinimumVisualStudioVersion = 10.0.40219.1
Project("{9A19103F-16F7-4668-BE54-9A1E7A4F7556}") = "Assignment", "BlazorApp1\Assignment.csproj", "{3322866D-1DD3-418B-A552-0DFF200015A2}"
EndProject
Project("{9A19103F-16F7-4668-BE54-9A1E7A4F7556}") = "Reverse String", "Reverse String\Reverse String.csproj", "{2CAE5CF9-0B65-4312-8397-3817137F8CBB}"
EndProject
Project("{9A19103F-16F7-4668-BE54-9A1E7A4F7556}") = "String Length", "String Length\String Length.csproj", "{E21A05BF-B3D5-4F0A-ADCA-2822BDE9BF4A}"
EndProject
Project("{9A19103F-16F7-4668-BE54-9A1E7A4F7556}") = "Student Marks", "Student Marks\Student Marks.csproj", "{CA2AB95F-14B3-4E5A-BFC6-F98FD7452406}"
EndProject
Project("{9A19103F-16F7-4668-BE54-9A1E7A4F7556}") = "String Program", "String Program\String Program.csproj", "{01839D46-930B-4266-A9DF-49AB73FA2E69}"
EndProject
Project("{9A19103F-16F7-4668-BE54-9A1E7A4F7556}") = "Palindrome", "Palindrome\Palindrome.csproj", "{0DC4B8C2-0663-4154-A718-74CBC314CF55}"
EndProject
Project("{9A19103F-16F7-4668-BE54-9A1E7A4F7556}") = "Largest Smallest", "Largest Smallest\Largest Smallest.csproj", "{CC2B1FB5-E5E2-446D-B9D3-7006A60A8EF3}"
EndProject
Project("{9A19103F-16F7-4668-BE54-9A1E7A4F7556}") = "Welcome to the world", "Welcome to the world\Welcome to the world.csproj", "{710EA0D4-FA72-4C52-82EE-49372CA8EBB0}"
EndProject
Project("{9A19103F-16F7-4668-BE54-9A1E7A4F7556}") = "Even Odd", "Even Odd\Even Odd.csproj", "{EC20F341-D882-48A7-BB5F-C8E83972DDB4}"
EndProject
Project("{9A19103F-16F7-4668-BE54-9A1E7A4F7556}") = "Average Calculating", "Average Calculating\Average Calculating.csproj", "{5952F198-CC76-456E-9857-2E19EC9931D1}"
EndProject
Project("{9A19103F-16F7-4668-BE54-9A1E7A4F7556}") = "Deposit Withdraw", "Deposit Withdraw\Deposit Withdraw.csproj", "{F6237656-C8D6-47C0-BF79-F8C527CC7F92}"
EndProject
Project("{9A19103F-16F7-4668-BE54-9A1E7A4F7556}") = "Data Method Student Marks", "Data Method Student Marks\Data Method Student Marks.csproj", "{CA739F7A-01D7-4968-A9AF-62E5C8DFB4A7}"
EndProject
Project("{9A19103F-16F7-4668-BE54-9A1E7A4F7556}") = "Bank Balance", "Bank Balance\Bank Balance.csproj", "{C078AC1A-150A-41EC-9DC1-E659EA73A36B}"
EndProject
Project("{9A19103F-16F7-4668-BE54-9A1E7A4F7556}") = "Abstract Class", "Abstract Class\Abstract Class.csproj", "{122ECC1D-5CDA-4F4B-AD93-A83811BCD1C5}"
EndProject
Project("{9A19103F-16F7-4668-BE54-9A1E7A4F7556}") = "Interfaces", "Interfaces\Interfaces.csproj", "{F7DD24B3-3468-4F17-899E-5F7769D46397}"
EndProject
Project("{9A19103F-16F7-4668-BE54-9A1E7A4F7556}") = "Exception Handling", "Exception Handling\Exception Handling.csproj", "{5CCB7CCD-5C66-40C6-9209-C76586ABF58A}"
EndProject
Project("{9A19103F-16F7-4668-BE54-9A1E7A4F7556}") = "Exception Handling Assignment", "Exception Handling Assignment\Exception Handling Assignment.csproj", "{D077A759-6B56-48EE-B1D6-D84A59EB42DC}"
EndProject
Project("{9A19103F-16F7-4668-BE54-9A1E7A4F7556}") = "I Comparable", "I Comparable\I Comparable.csproj", "{AA96D457-FD15-45D5-B826-33D3362B5384}"
EndProject
Project("{9A19103F-16F7-4668-BE54-9A1E7A4F7556}") = "delegate program", "delegate program\delegate program.csproj", "{5B67B860-DE0E-440E-98D2-CEF8705DC24B}"
EndProject
Project("{9A19103F-16F7-4668-BE54-9A1E7A4F7556}") = "student exception", "student exception\student exception.csproj", "{95DC68A7-8DE8-4DAA-848E-127ACB7EF3C1}"
EndProject
Project("{2150E333-8FDC-42A3-9474-1A3956D46DE8}") = "Delegate Practice", "Delegate Practice", "{A44096EE-7F7D-4DE1-B895-2593C6D0F208}"
EndProject
Project("{9A19103F-16F7-4668-BE54-9A1E7A4F7556}") = "Delegate Library", "Delegate Library\Delegate Library.csproj", "{FBB57029-3C84-4CBA-9415-BAC272B336ED}"
EndProject
Project("{9A19103F-16F7-4668-BE54-9A1E7A4F7556}") = "Delegate Customer", "Delegate Customer\Delegate Customer.csproj", "{D83A7480-74C3-429C-AD8F-4443A8F877DE}"
EndProject
Project("{9A19103F-16F7-4668-BE54-9A1E7A4F7556}") = "Delegate Product", "Delegate Product\Delegate Product.csproj", "{36361ABF-3912-442F-A90C-D30B6F5EBD95}"
EndProject
Project("{9A19103F-16F7-4668-BE54-9A1E7A4F7556}") = "Delegate Main", "Delegate Main\Delegate Main.csproj", "{AD9B8A2B-A890-41C8-BD6F-C21F2AD9B7C5}"
EndProject
Project("{9A19103F-16F7-4668-BE54-9A1E7A4F7556}") = "Delegate Employee", "Delegate Employee\Delegate Employee.csproj", "{AE55B9D8-1894-4CC4-8C32-D6419C5A803C}"
EndProject
Project("{9A19103F-16F7-4668-BE54-9A1E7A4F7556}") = "Printing Service", "Printing Service\Printing Service.csproj", "{140B28C2-81A0-477D-A94A-E2320B08041A}"
EndProject
Project("{2150E333-8FDC-42A3-9474-1A3956D46DE8}") = "Delegate final", "Delegate final", "{392EE7FB-7765-456C-AD3B-E44610A156B4}"
EndProject
Project("{9A19103F-16F7-4668-BE54-9A1E7A4F7556}") = "Main", "Main\Main.csproj", "{A205D309-FA92-48F9-8E30-570D6AFFE767}"
EndProject
Project("{2150E333-8FDC-42A3-9474-1A3956D46DE8}") = "DelegateFinal", "DelegateFinal", "{FC3B9609-673B-4A13-AE80-3D8346299252}"
EndProject
Project("{9A19103F-16F7-4668-BE54-9A1E7A4F7556}") = "Customer", "Customer\Customer.csproj", "{28DA77CE-E44A-4D1E-BCEC-106C47C33F04}"
EndProject
Project("{9A19103F-16F7-4668-BE54-9A1E7A4F7556}") = "Product", "Product\Product.csproj", "{A8343148-141B-4BD8-88BF-2BF803DCFC8D}"
EndProject
Project("{9A19103F-16F7-4668-BE54-9A1E7A4F7556}") = "MainClassDelegate", "MainClassDelegate\MainClassDelegate.csproj", "{98DF28E7-06A7-4CEC-8C1B-526DF8AC2DB4}"
EndProject
Project("{9A19103F-16F7-4668-BE54-9A1E7A4F7556}") = "Employees", "Employees\Employees.csproj", "{8A8D9ADB-E037-4F13-A87E-20C72FEFD160}"
EndProject
Project("{9A19103F-16F7-4668-BE54-9A1E7A4F7556}") = "PrintingServiceDelegate", "PrintingServiceDelegate\PrintingServiceDelegate.csproj", "{130EC2FE-043B-4565-98D9-9D49FF4A9F09}"
EndProject
Project("{9A19103F-16F7-4668-BE54-9A1E7A4F7556}") = "DelegateClassLibrary", "DelegateClassLibrary\DelegateClassLibrary.csproj", "{60CEF8FB-1807-42FC-8E97-9213110F1BA7}"
EndProject
Project("{9A19103F-16F7-4668-BE54-9A1E7A4F7556}") = "Thread program", "Thread program\Thread program.csproj", "{B0406894-030A-4D90-AAB5-9514243824CB}"
EndProject
Project("{9A19103F-16F7-4668-BE54-9A1E7A4F7556}") = "Non_Generic Collection and Collection", "Non_Generic Collection and Collection\Non_Generic Collection and Collection.csproj", "{2499471E-C6C0-41A4-9DBC-F077C031EB72}"
EndProject
Project("{9A19103F-16F7-4668-BE54-9A1E7A4F7556}") = "Geneic IComparable", "Geneic IComparable\Geneic IComparable.csproj", "{CCD60BC1-2FA5-495D-A22E-3F0D7777736B}"
EndProject
Project("{9A19103F-16F7-4668-BE54-9A1E7A4F7556}") = "Employee Lambda Expression", "Employee Lambda Expression\Employee Lambda Expression.csproj", "{493C83D7-3345-403F-945B-87BA1CF0DC91}"
EndProject
Project("{9A19103F-16F7-4668-BE54-9A1E7A4F7556}") = "Serialization Program", "Serialization Program\Serialization Program.csproj", "{21CF1F91-A1D3-4DCF-B63B-2FEE85EF2BB7}"
EndProject
Project("{9A19103F-16F7-4668-BE54-9A1E7A4F7556}") = "FileOperation Program", "FileOperation Program\FileOperation Program.csproj", "{B39BC27A-8E74-41DE-AE92-050556E5259F}"
EndProject
Project("{9A19103F-16F7-4668-BE54-9A1E7A4F7556}") = "Partial Methods", "Partial Methods\Partial Methods.csproj", "{D85F41EC-8CA3-4CEC-80AC-F09AAAC3B1BD}"
EndProject
Project("{9A19103F-16F7-4668-BE54-9A1E7A4F7556}") = "Extension Method", "Extension Method\Extension Method.csproj", "{7871921D-E83D-419F-9DF5-103AB79BF27C}"
EndProject
Project("{9A19103F-16F7-4668-BE54-9A1E7A4F7556}") = "Garbagre Collection", "Garbagre Collection\Garbagre Collection.csproj", "{D135B777-32C8-4E07-88D2-07F588890119}"
EndProject
Project("{2150E333-8FDC-42A3-9474-1A3956D46DE8}") = "ADO.Net", "ADO.Net", "{3A0291C3-8429-4075-ACF2-1E0FB53ED971}"
EndProject
Project("{9A19103F-16F7-4668-BE54-9A1E7A4F7556}") = "ADO.Net", "ADO.Net\ADO.Net.csproj", "{CE5E3CE5-CC8F-4365-A824-7428A59176E1}"
EndProject
Project("{FAE04EC0-301F-11D3-BF4B-00C04F79EFBC}") = "SQLConnection", "SQLConnection\SQLConnection.csproj", "{90C3C084-D6E7-4110-9242-BF9BFFC6CD39}"
EndProject
Project("{FAE04EC0-301F-11D3-BF4B-00C04F79EFBC}") = "EmployeesForm", "EmployeesForm\EmployeesForm.csproj", "{25532CBF-DF6E-42E4-AA42-D57F1A187C49}"
EndProject
Project("{FAE04EC0-301F-11D3-BF4B-00C04F79EFBC}") = "WindowsFormsApp", "WindowsFormsApp\WindowsFormsApp.csproj", "{398182AB-F628-44DA-918B-4EE6F7C957CA}"
EndProject
Project("{FAE04EC0-301F-11D3-BF4B-00C04F79EFBC}") = "WindowsFormsAppCreate", "WindowsFormsAppCreate\WindowsFormsAppCreate.csproj", "{7A584D60-8AA2-4AF6-BD77-9E885592B9EA}"
EndProject
Project("{FAE04EC0-301F-11D3-BF4B-00C04F79EFBC}") = "ConnectionOperation", "ConnectionOperation\ConnectionOperation.csproj", "{92475679-A1D8-4CE1-A2A3-BDEA8D9FB3FE}"
EndProject
Project("{FAE04EC0-301F-11D3-BF4B-00C04F79EFBC}") = "DataSetTyped", "DataSetTyped\DataSetTyped.csproj", "{9D96E5EA-64A2-4015-A98E-4D25F97E9A26}"
EndProject
Project("{FAE04EC0-301F-11D3-BF4B-00C04F79EFBC}") = "NextDisplayPopulateProject", "NextDisplayPopulateProject\NextDisplayPopulateProject.csproj", "{C602E3E4-4DFB-4D20-9239-BBC5F2CB0B02}"
EndProject
Project("{FAE04EC0-301F-11D3-BF4B-00C04F79EFBC}") = "LinqToDatasetProgram", "LinqToDatasetProgram\LinqToDatasetProgram.csproj", "{90E3AC11-9A8F-4802-A16B-5BA22CD75054}"
EndProject
Project("{FAE04EC0-301F-11D3-BF4B-00C04F79EFBC}") = "EmpDataSet", "EmpDataSet\EmpDataSet.csproj", "{BB26D60C-352C-4489-AD6A-6E22F136B4A7}"
EndProject
Project("{FAE04EC0-301F-11D3-BF4B-00C04F79EFBC}") = "LinqtoSQLCode", "LinqtoSQLCode\LinqtoSQLCode.csproj", "{023D571A-5D5C-49D4-ACFE-30AAEB49CB76}"
EndProject
Project("{2150E333-8FDC-42A3-9474-1A3956D46DE8}") = "EntityFrameWork", "EntityFrameWork", "{67EA709D-7077-48EA-A86F-BB8192D63197}"
EndProject
Project("{FAE04EC0-301F-11D3-BF4B-00C04F79EFBC}") = "EFDBFramework", "EFDBFramework\EFDBFramework.csproj", "{E9C4E416-9BF8-4A89-BADB-C369795579F2}"
EndProject
Project("{FAE04EC0-301F-11D3-BF4B-00C04F79EFBC}") = "EFCode1", "EFCode1\EFCode1.csproj", "{2C644732-015D-4A3F-BD01-1DC70E1EE737}"
EndProject
Project("{2150E333-8FDC-42A3-9474-1A3956D46DE8}") = "ASP.NET", "ASP.NET", "{86E7ECE7-AE10-4770-B397-C3286CD2DFFD}"
EndProject
Project("{FAE04EC0-301F-11D3-BF4B-00C04F79EFBC}") = "Helloweb", "Helloweb\Helloweb.csproj", "{64A03DAF-E47A-4C29-B06C-B9C429306C5A}"
EndProject
Project("{FAE04EC0-301F-11D3-BF4B-00C04F79EFBC}") = "CRUD Operation", "CRUD Operation\CRUD Operation.csproj", "{6F607341-5DBF-4F2B-B47B-D55DAA59C1FC}"
EndProject
Project("{FAE04EC0-301F-11D3-BF4B-00C04F79EFBC}") = "webservice", "webservice\webservice.csproj", "{8A250263-6404-4B10-8FD1-B50BD381E9AE}"
EndProject
Project("{2150E333-8FDC-42A3-9474-1A3956D46DE8}") = "MVC", "MVC", "{EB2A69A0-69E4-4D8F-8D03-71F7F09500DE}"
EndProject
Project("{FAE04EC0-301F-11D3-BF4B-00C04F79EFBC}") = "MVC DataLayerStart", "MVC DataLayerStart\MVC DataLayerStart.csproj", "{97E03A54-B22D-466A-9AF1-37F73D265116}"
EndProject
Project("{FAE04EC0-301F-11D3-BF4B-00C04F79EFBC}") = "Hello MVC", "Hello MVC\Hello MVC.csproj", "{2F94BFAE-14D5-44A3-B1F4-F4B08E26C85C}"
EndProject
Project("{2150E333-8FDC-42A3-9474-1A3956D46DE8}") = "WebAPI", "WebAPI", "{9D94FFAC-6C31-4C68-8279-9A340562378D}"
EndProject
Project("{FAE04EC0-301F-11D3-BF4B-00C04F79EFBC}") = "WebAPI Applications", "WebAPI Applications\WebAPI Applications.csproj", "{CE9D7E65-3156-4E35-BD47-C8890D41A695}"
EndProject
Project("{FAE04EC0-301F-11D3-BF4B-00C04F79EFBC}") = "ProductStoreClient", "ProductStoreClient\ProductStoreClient.csproj", "{EF63011A-5560-4C54-910E-4F4501BD7F84}"
EndProject
Project("{FAE04EC0-301F-11D3-BF4B-00C04F79EFBC}") = "WebAPIWithEF", "WebAPIWithEF\WebAPIWithEF.csproj", "{C8D05FA5-23F9-428C-AA7B-25E5748E09C9}"
EndProject
Global
	GlobalSection(SolutionConfigurationPlatforms) = preSolution
		Debug|Any CPU = Debug|Any CPU
		Release|Any CPU = Release|Any CPU
	EndGlobalSection
	GlobalSection(ProjectConfigurationPlatforms) = postSolution
		{3322866D-1DD3-418B-A552-0DFF200015A2}.Debug|Any CPU.ActiveCfg = Debug|Any CPU
		{3322866D-1DD3-418B-A552-0DFF200015A2}.Debug|Any CPU.Build.0 = Debug|Any CPU
		{3322866D-1DD3-418B-A552-0DFF200015A2}.Release|Any CPU.ActiveCfg = Release|Any CPU
		{3322866D-1DD3-418B-A552-0DFF200015A2}.Release|Any CPU.Build.0 = Release|Any CPU
		{2CAE5CF9-0B65-4312-8397-3817137F8CBB}.Debug|Any CPU.ActiveCfg = Debug|Any CPU
		{2CAE5CF9-0B65-4312-8397-3817137F8CBB}.Debug|Any CPU.Build.0 = Debug|Any CPU
		{2CAE5CF9-0B65-4312-8397-3817137F8CBB}.Release|Any CPU.ActiveCfg = Release|Any CPU
		{2CAE5CF9-0B65-4312-8397-3817137F8CBB}.Release|Any CPU.Build.0 = Release|Any CPU
		{E21A05BF-B3D5-4F0A-ADCA-2822BDE9BF4A}.Debug|Any CPU.ActiveCfg = Debug|Any CPU
		{E21A05BF-B3D5-4F0A-ADCA-2822BDE9BF4A}.Debug|Any CPU.Build.0 = Debug|Any CPU
		{E21A05BF-B3D5-4F0A-ADCA-2822BDE9BF4A}.Release|Any CPU.ActiveCfg = Release|Any CPU
		{E21A05BF-B3D5-4F0A-ADCA-2822BDE9BF4A}.Release|Any CPU.Build.0 = Release|Any CPU
		{CA2AB95F-14B3-4E5A-BFC6-F98FD7452406}.Debug|Any CPU.ActiveCfg = Debug|Any CPU
		{CA2AB95F-14B3-4E5A-BFC6-F98FD7452406}.Debug|Any CPU.Build.0 = Debug|Any CPU
		{CA2AB95F-14B3-4E5A-BFC6-F98FD7452406}.Release|Any CPU.ActiveCfg = Release|Any CPU
		{CA2AB95F-14B3-4E5A-BFC6-F98FD7452406}.Release|Any CPU.Build.0 = Release|Any CPU
		{01839D46-930B-4266-A9DF-49AB73FA2E69}.Debug|Any CPU.ActiveCfg = Debug|Any CPU
		{01839D46-930B-4266-A9DF-49AB73FA2E69}.Debug|Any CPU.Build.0 = Debug|Any CPU
		{01839D46-930B-4266-A9DF-49AB73FA2E69}.Release|Any CPU.ActiveCfg = Release|Any CPU
		{01839D46-930B-4266-A9DF-49AB73FA2E69}.Release|Any CPU.Build.0 = Release|Any CPU
		{0DC4B8C2-0663-4154-A718-74CBC314CF55}.Debug|Any CPU.ActiveCfg = Debug|Any CPU
		{0DC4B8C2-0663-4154-A718-74CBC314CF55}.Debug|Any CPU.Build.0 = Debug|Any CPU
		{0DC4B8C2-0663-4154-A718-74CBC314CF55}.Release|Any CPU.ActiveCfg = Release|Any CPU
		{0DC4B8C2-0663-4154-A718-74CBC314CF55}.Release|Any CPU.Build.0 = Release|Any CPU
		{CC2B1FB5-E5E2-446D-B9D3-7006A60A8EF3}.Debug|Any CPU.ActiveCfg = Debug|Any CPU
		{CC2B1FB5-E5E2-446D-B9D3-7006A60A8EF3}.Debug|Any CPU.Build.0 = Debug|Any CPU
		{CC2B1FB5-E5E2-446D-B9D3-7006A60A8EF3}.Release|Any CPU.ActiveCfg = Release|Any CPU
		{CC2B1FB5-E5E2-446D-B9D3-7006A60A8EF3}.Release|Any CPU.Build.0 = Release|Any CPU
		{710EA0D4-FA72-4C52-82EE-49372CA8EBB0}.Debug|Any CPU.ActiveCfg = Debug|Any CPU
		{710EA0D4-FA72-4C52-82EE-49372CA8EBB0}.Debug|Any CPU.Build.0 = Debug|Any CPU
		{710EA0D4-FA72-4C52-82EE-49372CA8EBB0}.Release|Any CPU.ActiveCfg = Release|Any CPU
		{710EA0D4-FA72-4C52-82EE-49372CA8EBB0}.Release|Any CPU.Build.0 = Release|Any CPU
		{EC20F341-D882-48A7-BB5F-C8E83972DDB4}.Debug|Any CPU.ActiveCfg = Debug|Any CPU
		{EC20F341-D882-48A7-BB5F-C8E83972DDB4}.Debug|Any CPU.Build.0 = Debug|Any CPU
		{EC20F341-D882-48A7-BB5F-C8E83972DDB4}.Release|Any CPU.ActiveCfg = Release|Any CPU
		{EC20F341-D882-48A7-BB5F-C8E83972DDB4}.Release|Any CPU.Build.0 = Release|Any CPU
		{5952F198-CC76-456E-9857-2E19EC9931D1}.Debug|Any CPU.ActiveCfg = Debug|Any CPU
		{5952F198-CC76-456E-9857-2E19EC9931D1}.Debug|Any CPU.Build.0 = Debug|Any CPU
		{5952F198-CC76-456E-9857-2E19EC9931D1}.Release|Any CPU.ActiveCfg = Release|Any CPU
		{5952F198-CC76-456E-9857-2E19EC9931D1}.Release|Any CPU.Build.0 = Release|Any CPU
		{F6237656-C8D6-47C0-BF79-F8C527CC7F92}.Debug|Any CPU.ActiveCfg = Debug|Any CPU
		{F6237656-C8D6-47C0-BF79-F8C527CC7F92}.Debug|Any CPU.Build.0 = Debug|Any CPU
		{F6237656-C8D6-47C0-BF79-F8C527CC7F92}.Release|Any CPU.ActiveCfg = Release|Any CPU
		{F6237656-C8D6-47C0-BF79-F8C527CC7F92}.Release|Any CPU.Build.0 = Release|Any CPU
		{CA739F7A-01D7-4968-A9AF-62E5C8DFB4A7}.Debug|Any CPU.ActiveCfg = Debug|Any CPU
		{CA739F7A-01D7-4968-A9AF-62E5C8DFB4A7}.Debug|Any CPU.Build.0 = Debug|Any CPU
		{CA739F7A-01D7-4968-A9AF-62E5C8DFB4A7}.Release|Any CPU.ActiveCfg = Release|Any CPU
		{CA739F7A-01D7-4968-A9AF-62E5C8DFB4A7}.Release|Any CPU.Build.0 = Release|Any CPU
		{C078AC1A-150A-41EC-9DC1-E659EA73A36B}.Debug|Any CPU.ActiveCfg = Debug|Any CPU
		{C078AC1A-150A-41EC-9DC1-E659EA73A36B}.Debug|Any CPU.Build.0 = Debug|Any CPU
		{C078AC1A-150A-41EC-9DC1-E659EA73A36B}.Release|Any CPU.ActiveCfg = Release|Any CPU
		{C078AC1A-150A-41EC-9DC1-E659EA73A36B}.Release|Any CPU.Build.0 = Release|Any CPU
		{122ECC1D-5CDA-4F4B-AD93-A83811BCD1C5}.Debug|Any CPU.ActiveCfg = Debug|Any CPU
		{122ECC1D-5CDA-4F4B-AD93-A83811BCD1C5}.Debug|Any CPU.Build.0 = Debug|Any CPU
		{122ECC1D-5CDA-4F4B-AD93-A83811BCD1C5}.Release|Any CPU.ActiveCfg = Release|Any CPU
		{122ECC1D-5CDA-4F4B-AD93-A83811BCD1C5}.Release|Any CPU.Build.0 = Release|Any CPU
		{F7DD24B3-3468-4F17-899E-5F7769D46397}.Debug|Any CPU.ActiveCfg = Debug|Any CPU
		{F7DD24B3-3468-4F17-899E-5F7769D46397}.Debug|Any CPU.Build.0 = Debug|Any CPU
		{F7DD24B3-3468-4F17-899E-5F7769D46397}.Release|Any CPU.ActiveCfg = Release|Any CPU
		{F7DD24B3-3468-4F17-899E-5F7769D46397}.Release|Any CPU.Build.0 = Release|Any CPU
		{5CCB7CCD-5C66-40C6-9209-C76586ABF58A}.Debug|Any CPU.ActiveCfg = Debug|Any CPU
		{5CCB7CCD-5C66-40C6-9209-C76586ABF58A}.Debug|Any CPU.Build.0 = Debug|Any CPU
		{5CCB7CCD-5C66-40C6-9209-C76586ABF58A}.Release|Any CPU.ActiveCfg = Release|Any CPU
		{5CCB7CCD-5C66-40C6-9209-C76586ABF58A}.Release|Any CPU.Build.0 = Release|Any CPU
		{D077A759-6B56-48EE-B1D6-D84A59EB42DC}.Debug|Any CPU.ActiveCfg = Debug|Any CPU
		{D077A759-6B56-48EE-B1D6-D84A59EB42DC}.Debug|Any CPU.Build.0 = Debug|Any CPU
		{D077A759-6B56-48EE-B1D6-D84A59EB42DC}.Release|Any CPU.ActiveCfg = Release|Any CPU
		{D077A759-6B56-48EE-B1D6-D84A59EB42DC}.Release|Any CPU.Build.0 = Release|Any CPU
		{AA96D457-FD15-45D5-B826-33D3362B5384}.Debug|Any CPU.ActiveCfg = Debug|Any CPU
		{AA96D457-FD15-45D5-B826-33D3362B5384}.Debug|Any CPU.Build.0 = Debug|Any CPU
		{AA96D457-FD15-45D5-B826-33D3362B5384}.Release|Any CPU.ActiveCfg = Release|Any CPU
		{AA96D457-FD15-45D5-B826-33D3362B5384}.Release|Any CPU.Build.0 = Release|Any CPU
		{5B67B860-DE0E-440E-98D2-CEF8705DC24B}.Debug|Any CPU.ActiveCfg = Debug|Any CPU
		{5B67B860-DE0E-440E-98D2-CEF8705DC24B}.Debug|Any CPU.Build.0 = Debug|Any CPU
		{5B67B860-DE0E-440E-98D2-CEF8705DC24B}.Release|Any CPU.ActiveCfg = Release|Any CPU
		{5B67B860-DE0E-440E-98D2-CEF8705DC24B}.Release|Any CPU.Build.0 = Release|Any CPU
		{95DC68A7-8DE8-4DAA-848E-127ACB7EF3C1}.Debug|Any CPU.ActiveCfg = Debug|Any CPU
		{95DC68A7-8DE8-4DAA-848E-127ACB7EF3C1}.Debug|Any CPU.Build.0 = Debug|Any CPU
		{95DC68A7-8DE8-4DAA-848E-127ACB7EF3C1}.Release|Any CPU.ActiveCfg = Release|Any CPU
		{95DC68A7-8DE8-4DAA-848E-127ACB7EF3C1}.Release|Any CPU.Build.0 = Release|Any CPU
		{FBB57029-3C84-4CBA-9415-BAC272B336ED}.Debug|Any CPU.ActiveCfg = Debug|Any CPU
		{FBB57029-3C84-4CBA-9415-BAC272B336ED}.Debug|Any CPU.Build.0 = Debug|Any CPU
		{FBB57029-3C84-4CBA-9415-BAC272B336ED}.Release|Any CPU.ActiveCfg = Release|Any CPU
		{FBB57029-3C84-4CBA-9415-BAC272B336ED}.Release|Any CPU.Build.0 = Release|Any CPU
		{D83A7480-74C3-429C-AD8F-4443A8F877DE}.Debug|Any CPU.ActiveCfg = Debug|Any CPU
		{D83A7480-74C3-429C-AD8F-4443A8F877DE}.Debug|Any CPU.Build.0 = Debug|Any CPU
		{D83A7480-74C3-429C-AD8F-4443A8F877DE}.Release|Any CPU.ActiveCfg = Release|Any CPU
		{D83A7480-74C3-429C-AD8F-4443A8F877DE}.Release|Any CPU.Build.0 = Release|Any CPU
		{36361ABF-3912-442F-A90C-D30B6F5EBD95}.Debug|Any CPU.ActiveCfg = Debug|Any CPU
		{36361ABF-3912-442F-A90C-D30B6F5EBD95}.Debug|Any CPU.Build.0 = Debug|Any CPU
		{36361ABF-3912-442F-A90C-D30B6F5EBD95}.Release|Any CPU.ActiveCfg = Release|Any CPU
		{36361ABF-3912-442F-A90C-D30B6F5EBD95}.Release|Any CPU.Build.0 = Release|Any CPU
		{AD9B8A2B-A890-41C8-BD6F-C21F2AD9B7C5}.Debug|Any CPU.ActiveCfg = Debug|Any CPU
		{AD9B8A2B-A890-41C8-BD6F-C21F2AD9B7C5}.Debug|Any CPU.Build.0 = Debug|Any CPU
		{AD9B8A2B-A890-41C8-BD6F-C21F2AD9B7C5}.Release|Any CPU.ActiveCfg = Release|Any CPU
		{AD9B8A2B-A890-41C8-BD6F-C21F2AD9B7C5}.Release|Any CPU.Build.0 = Release|Any CPU
		{AE55B9D8-1894-4CC4-8C32-D6419C5A803C}.Debug|Any CPU.ActiveCfg = Debug|Any CPU
		{AE55B9D8-1894-4CC4-8C32-D6419C5A803C}.Debug|Any CPU.Build.0 = Debug|Any CPU
		{AE55B9D8-1894-4CC4-8C32-D6419C5A803C}.Release|Any CPU.ActiveCfg = Release|Any CPU
		{AE55B9D8-1894-4CC4-8C32-D6419C5A803C}.Release|Any CPU.Build.0 = Release|Any CPU
		{140B28C2-81A0-477D-A94A-E2320B08041A}.Debug|Any CPU.ActiveCfg = Debug|Any CPU
		{140B28C2-81A0-477D-A94A-E2320B08041A}.Debug|Any CPU.Build.0 = Debug|Any CPU
		{140B28C2-81A0-477D-A94A-E2320B08041A}.Release|Any CPU.ActiveCfg = Release|Any CPU
		{140B28C2-81A0-477D-A94A-E2320B08041A}.Release|Any CPU.Build.0 = Release|Any CPU
		{A205D309-FA92-48F9-8E30-570D6AFFE767}.Debug|Any CPU.ActiveCfg = Debug|Any CPU
		{A205D309-FA92-48F9-8E30-570D6AFFE767}.Debug|Any CPU.Build.0 = Debug|Any CPU
		{A205D309-FA92-48F9-8E30-570D6AFFE767}.Release|Any CPU.ActiveCfg = Release|Any CPU
		{A205D309-FA92-48F9-8E30-570D6AFFE767}.Release|Any CPU.Build.0 = Release|Any CPU
		{28DA77CE-E44A-4D1E-BCEC-106C47C33F04}.Debug|Any CPU.ActiveCfg = Debug|Any CPU
		{28DA77CE-E44A-4D1E-BCEC-106C47C33F04}.Debug|Any CPU.Build.0 = Debug|Any CPU
		{28DA77CE-E44A-4D1E-BCEC-106C47C33F04}.Release|Any CPU.ActiveCfg = Release|Any CPU
		{28DA77CE-E44A-4D1E-BCEC-106C47C33F04}.Release|Any CPU.Build.0 = Release|Any CPU
		{A8343148-141B-4BD8-88BF-2BF803DCFC8D}.Debug|Any CPU.ActiveCfg = Debug|Any CPU
		{A8343148-141B-4BD8-88BF-2BF803DCFC8D}.Debug|Any CPU.Build.0 = Debug|Any CPU
		{A8343148-141B-4BD8-88BF-2BF803DCFC8D}.Release|Any CPU.ActiveCfg = Release|Any CPU
		{A8343148-141B-4BD8-88BF-2BF803DCFC8D}.Release|Any CPU.Build.0 = Release|Any CPU
		{98DF28E7-06A7-4CEC-8C1B-526DF8AC2DB4}.Debug|Any CPU.ActiveCfg = Debug|Any CPU
		{98DF28E7-06A7-4CEC-8C1B-526DF8AC2DB4}.Debug|Any CPU.Build.0 = Debug|Any CPU
		{98DF28E7-06A7-4CEC-8C1B-526DF8AC2DB4}.Release|Any CPU.ActiveCfg = Release|Any CPU
		{98DF28E7-06A7-4CEC-8C1B-526DF8AC2DB4}.Release|Any CPU.Build.0 = Release|Any CPU
		{8A8D9ADB-E037-4F13-A87E-20C72FEFD160}.Debug|Any CPU.ActiveCfg = Debug|Any CPU
		{8A8D9ADB-E037-4F13-A87E-20C72FEFD160}.Debug|Any CPU.Build.0 = Debug|Any CPU
		{8A8D9ADB-E037-4F13-A87E-20C72FEFD160}.Release|Any CPU.ActiveCfg = Release|Any CPU
		{8A8D9ADB-E037-4F13-A87E-20C72FEFD160}.Release|Any CPU.Build.0 = Release|Any CPU
		{130EC2FE-043B-4565-98D9-9D49FF4A9F09}.Debug|Any CPU.ActiveCfg = Debug|Any CPU
		{130EC2FE-043B-4565-98D9-9D49FF4A9F09}.Debug|Any CPU.Build.0 = Debug|Any CPU
		{130EC2FE-043B-4565-98D9-9D49FF4A9F09}.Release|Any CPU.ActiveCfg = Release|Any CPU
		{130EC2FE-043B-4565-98D9-9D49FF4A9F09}.Release|Any CPU.Build.0 = Release|Any CPU
		{60CEF8FB-1807-42FC-8E97-9213110F1BA7}.Debug|Any CPU.ActiveCfg = Debug|Any CPU
		{60CEF8FB-1807-42FC-8E97-9213110F1BA7}.Debug|Any CPU.Build.0 = Debug|Any CPU
		{60CEF8FB-1807-42FC-8E97-9213110F1BA7}.Release|Any CPU.ActiveCfg = Release|Any CPU
		{60CEF8FB-1807-42FC-8E97-9213110F1BA7}.Release|Any CPU.Build.0 = Release|Any CPU
		{B0406894-030A-4D90-AAB5-9514243824CB}.Debug|Any CPU.ActiveCfg = Debug|Any CPU
		{B0406894-030A-4D90-AAB5-9514243824CB}.Debug|Any CPU.Build.0 = Debug|Any CPU
		{B0406894-030A-4D90-AAB5-9514243824CB}.Release|Any CPU.ActiveCfg = Release|Any CPU
		{B0406894-030A-4D90-AAB5-9514243824CB}.Release|Any CPU.Build.0 = Release|Any CPU
		{2499471E-C6C0-41A4-9DBC-F077C031EB72}.Debug|Any CPU.ActiveCfg = Debug|Any CPU
		{2499471E-C6C0-41A4-9DBC-F077C031EB72}.Debug|Any CPU.Build.0 = Debug|Any CPU
		{2499471E-C6C0-41A4-9DBC-F077C031EB72}.Release|Any CPU.ActiveCfg = Release|Any CPU
		{2499471E-C6C0-41A4-9DBC-F077C031EB72}.Release|Any CPU.Build.0 = Release|Any CPU
		{CCD60BC1-2FA5-495D-A22E-3F0D7777736B}.Debug|Any CPU.ActiveCfg = Debug|Any CPU
		{CCD60BC1-2FA5-495D-A22E-3F0D7777736B}.Debug|Any CPU.Build.0 = Debug|Any CPU
		{CCD60BC1-2FA5-495D-A22E-3F0D7777736B}.Release|Any CPU.ActiveCfg = Release|Any CPU
		{CCD60BC1-2FA5-495D-A22E-3F0D7777736B}.Release|Any CPU.Build.0 = Release|Any CPU
		{493C83D7-3345-403F-945B-87BA1CF0DC91}.Debug|Any CPU.ActiveCfg = Debug|Any CPU
		{493C83D7-3345-403F-945B-87BA1CF0DC91}.Debug|Any CPU.Build.0 = Debug|Any CPU
		{493C83D7-3345-403F-945B-87BA1CF0DC91}.Release|Any CPU.ActiveCfg = Release|Any CPU
		{493C83D7-3345-403F-945B-87BA1CF0DC91}.Release|Any CPU.Build.0 = Release|Any CPU
		{21CF1F91-A1D3-4DCF-B63B-2FEE85EF2BB7}.Debug|Any CPU.ActiveCfg = Debug|Any CPU
		{21CF1F91-A1D3-4DCF-B63B-2FEE85EF2BB7}.Debug|Any CPU.Build.0 = Debug|Any CPU
		{21CF1F91-A1D3-4DCF-B63B-2FEE85EF2BB7}.Release|Any CPU.ActiveCfg = Release|Any CPU
		{21CF1F91-A1D3-4DCF-B63B-2FEE85EF2BB7}.Release|Any CPU.Build.0 = Release|Any CPU
		{B39BC27A-8E74-41DE-AE92-050556E5259F}.Debug|Any CPU.ActiveCfg = Debug|Any CPU
		{B39BC27A-8E74-41DE-AE92-050556E5259F}.Debug|Any CPU.Build.0 = Debug|Any CPU
		{B39BC27A-8E74-41DE-AE92-050556E5259F}.Release|Any CPU.ActiveCfg = Release|Any CPU
		{B39BC27A-8E74-41DE-AE92-050556E5259F}.Release|Any CPU.Build.0 = Release|Any CPU
		{D85F41EC-8CA3-4CEC-80AC-F09AAAC3B1BD}.Debug|Any CPU.ActiveCfg = Debug|Any CPU
		{D85F41EC-8CA3-4CEC-80AC-F09AAAC3B1BD}.Debug|Any CPU.Build.0 = Debug|Any CPU
		{D85F41EC-8CA3-4CEC-80AC-F09AAAC3B1BD}.Release|Any CPU.ActiveCfg = Release|Any CPU
		{D85F41EC-8CA3-4CEC-80AC-F09AAAC3B1BD}.Release|Any CPU.Build.0 = Release|Any CPU
		{7871921D-E83D-419F-9DF5-103AB79BF27C}.Debug|Any CPU.ActiveCfg = Debug|Any CPU
		{7871921D-E83D-419F-9DF5-103AB79BF27C}.Debug|Any CPU.Build.0 = Debug|Any CPU
		{7871921D-E83D-419F-9DF5-103AB79BF27C}.Release|Any CPU.ActiveCfg = Release|Any CPU
		{7871921D-E83D-419F-9DF5-103AB79BF27C}.Release|Any CPU.Build.0 = Release|Any CPU
		{D135B777-32C8-4E07-88D2-07F588890119}.Debug|Any CPU.ActiveCfg = Debug|Any CPU
		{D135B777-32C8-4E07-88D2-07F588890119}.Debug|Any CPU.Build.0 = Debug|Any CPU
		{D135B777-32C8-4E07-88D2-07F588890119}.Release|Any CPU.ActiveCfg = Release|Any CPU
		{D135B777-32C8-4E07-88D2-07F588890119}.Release|Any CPU.Build.0 = Release|Any CPU
		{CE5E3CE5-CC8F-4365-A824-7428A59176E1}.Debug|Any CPU.ActiveCfg = Debug|Any CPU
		{CE5E3CE5-CC8F-4365-A824-7428A59176E1}.Debug|Any CPU.Build.0 = Debug|Any CPU
		{CE5E3CE5-CC8F-4365-A824-7428A59176E1}.Release|Any CPU.ActiveCfg = Release|Any CPU
		{CE5E3CE5-CC8F-4365-A824-7428A59176E1}.Release|Any CPU.Build.0 = Release|Any CPU
		{90C3C084-D6E7-4110-9242-BF9BFFC6CD39}.Debug|Any CPU.ActiveCfg = Debug|Any CPU
		{90C3C084-D6E7-4110-9242-BF9BFFC6CD39}.Debug|Any CPU.Build.0 = Debug|Any CPU
		{90C3C084-D6E7-4110-9242-BF9BFFC6CD39}.Release|Any CPU.ActiveCfg = Release|Any CPU
		{90C3C084-D6E7-4110-9242-BF9BFFC6CD39}.Release|Any CPU.Build.0 = Release|Any CPU
		{25532CBF-DF6E-42E4-AA42-D57F1A187C49}.Debug|Any CPU.ActiveCfg = Debug|Any CPU
		{25532CBF-DF6E-42E4-AA42-D57F1A187C49}.Debug|Any CPU.Build.0 = Debug|Any CPU
		{25532CBF-DF6E-42E4-AA42-D57F1A187C49}.Release|Any CPU.ActiveCfg = Release|Any CPU
		{25532CBF-DF6E-42E4-AA42-D57F1A187C49}.Release|Any CPU.Build.0 = Release|Any CPU
		{398182AB-F628-44DA-918B-4EE6F7C957CA}.Debug|Any CPU.ActiveCfg = Debug|Any CPU
		{398182AB-F628-44DA-918B-4EE6F7C957CA}.Debug|Any CPU.Build.0 = Debug|Any CPU
		{398182AB-F628-44DA-918B-4EE6F7C957CA}.Release|Any CPU.ActiveCfg = Release|Any CPU
		{398182AB-F628-44DA-918B-4EE6F7C957CA}.Release|Any CPU.Build.0 = Release|Any CPU
		{7A584D60-8AA2-4AF6-BD77-9E885592B9EA}.Debug|Any CPU.ActiveCfg = Debug|Any CPU
		{7A584D60-8AA2-4AF6-BD77-9E885592B9EA}.Debug|Any CPU.Build.0 = Debug|Any CPU
		{7A584D60-8AA2-4AF6-BD77-9E885592B9EA}.Release|Any CPU.ActiveCfg = Release|Any CPU
		{7A584D60-8AA2-4AF6-BD77-9E885592B9EA}.Release|Any CPU.Build.0 = Release|Any CPU
		{92475679-A1D8-4CE1-A2A3-BDEA8D9FB3FE}.Debug|Any CPU.ActiveCfg = Debug|Any CPU
		{92475679-A1D8-4CE1-A2A3-BDEA8D9FB3FE}.Debug|Any CPU.Build.0 = Debug|Any CPU
		{92475679-A1D8-4CE1-A2A3-BDEA8D9FB3FE}.Release|Any CPU.ActiveCfg = Release|Any CPU
		{92475679-A1D8-4CE1-A2A3-BDEA8D9FB3FE}.Release|Any CPU.Build.0 = Release|Any CPU
		{9D96E5EA-64A2-4015-A98E-4D25F97E9A26}.Debug|Any CPU.ActiveCfg = Debug|Any CPU
		{9D96E5EA-64A2-4015-A98E-4D25F97E9A26}.Debug|Any CPU.Build.0 = Debug|Any CPU
		{9D96E5EA-64A2-4015-A98E-4D25F97E9A26}.Release|Any CPU.ActiveCfg = Release|Any CPU
		{9D96E5EA-64A2-4015-A98E-4D25F97E9A26}.Release|Any CPU.Build.0 = Release|Any CPU
		{C602E3E4-4DFB-4D20-9239-BBC5F2CB0B02}.Debug|Any CPU.ActiveCfg = Debug|Any CPU
		{C602E3E4-4DFB-4D20-9239-BBC5F2CB0B02}.Debug|Any CPU.Build.0 = Debug|Any CPU
		{C602E3E4-4DFB-4D20-9239-BBC5F2CB0B02}.Release|Any CPU.ActiveCfg = Release|Any CPU
		{C602E3E4-4DFB-4D20-9239-BBC5F2CB0B02}.Release|Any CPU.Build.0 = Release|Any CPU
		{90E3AC11-9A8F-4802-A16B-5BA22CD75054}.Debug|Any CPU.ActiveCfg = Debug|Any CPU
		{90E3AC11-9A8F-4802-A16B-5BA22CD75054}.Debug|Any CPU.Build.0 = Debug|Any CPU
		{90E3AC11-9A8F-4802-A16B-5BA22CD75054}.Release|Any CPU.ActiveCfg = Release|Any CPU
		{90E3AC11-9A8F-4802-A16B-5BA22CD75054}.Release|Any CPU.Build.0 = Release|Any CPU
		{BB26D60C-352C-4489-AD6A-6E22F136B4A7}.Debug|Any CPU.ActiveCfg = Debug|Any CPU
		{BB26D60C-352C-4489-AD6A-6E22F136B4A7}.Debug|Any CPU.Build.0 = Debug|Any CPU
		{BB26D60C-352C-4489-AD6A-6E22F136B4A7}.Release|Any CPU.ActiveCfg = Release|Any CPU
		{BB26D60C-352C-4489-AD6A-6E22F136B4A7}.Release|Any CPU.Build.0 = Release|Any CPU
		{023D571A-5D5C-49D4-ACFE-30AAEB49CB76}.Debug|Any CPU.ActiveCfg = Debug|Any CPU
		{023D571A-5D5C-49D4-ACFE-30AAEB49CB76}.Debug|Any CPU.Build.0 = Debug|Any CPU
		{023D571A-5D5C-49D4-ACFE-30AAEB49CB76}.Release|Any CPU.ActiveCfg = Release|Any CPU
		{023D571A-5D5C-49D4-ACFE-30AAEB49CB76}.Release|Any CPU.Build.0 = Release|Any CPU
		{E9C4E416-9BF8-4A89-BADB-C369795579F2}.Debug|Any CPU.ActiveCfg = Debug|Any CPU
		{E9C4E416-9BF8-4A89-BADB-C369795579F2}.Debug|Any CPU.Build.0 = Debug|Any CPU
		{E9C4E416-9BF8-4A89-BADB-C369795579F2}.Release|Any CPU.ActiveCfg = Release|Any CPU
		{E9C4E416-9BF8-4A89-BADB-C369795579F2}.Release|Any CPU.Build.0 = Release|Any CPU
		{2C644732-015D-4A3F-BD01-1DC70E1EE737}.Debug|Any CPU.ActiveCfg = Debug|Any CPU
		{2C644732-015D-4A3F-BD01-1DC70E1EE737}.Debug|Any CPU.Build.0 = Debug|Any CPU
		{2C644732-015D-4A3F-BD01-1DC70E1EE737}.Release|Any CPU.ActiveCfg = Release|Any CPU
		{2C644732-015D-4A3F-BD01-1DC70E1EE737}.Release|Any CPU.Build.0 = Release|Any CPU
		{64A03DAF-E47A-4C29-B06C-B9C429306C5A}.Debug|Any CPU.ActiveCfg = Debug|Any CPU
		{64A03DAF-E47A-4C29-B06C-B9C429306C5A}.Debug|Any CPU.Build.0 = Debug|Any CPU
		{64A03DAF-E47A-4C29-B06C-B9C429306C5A}.Release|Any CPU.ActiveCfg = Release|Any CPU
		{64A03DAF-E47A-4C29-B06C-B9C429306C5A}.Release|Any CPU.Build.0 = Release|Any CPU
		{6F607341-5DBF-4F2B-B47B-D55DAA59C1FC}.Debug|Any CPU.ActiveCfg = Debug|Any CPU
		{6F607341-5DBF-4F2B-B47B-D55DAA59C1FC}.Debug|Any CPU.Build.0 = Debug|Any CPU
		{6F607341-5DBF-4F2B-B47B-D55DAA59C1FC}.Release|Any CPU.ActiveCfg = Release|Any CPU
		{6F607341-5DBF-4F2B-B47B-D55DAA59C1FC}.Release|Any CPU.Build.0 = Release|Any CPU
		{8A250263-6404-4B10-8FD1-B50BD381E9AE}.Debug|Any CPU.ActiveCfg = Debug|Any CPU
		{8A250263-6404-4B10-8FD1-B50BD381E9AE}.Debug|Any CPU.Build.0 = Debug|Any CPU
		{8A250263-6404-4B10-8FD1-B50BD381E9AE}.Release|Any CPU.ActiveCfg = Release|Any CPU
		{8A250263-6404-4B10-8FD1-B50BD381E9AE}.Release|Any CPU.Build.0 = Release|Any CPU
		{97E03A54-B22D-466A-9AF1-37F73D265116}.Debug|Any CPU.ActiveCfg = Debug|Any CPU
		{97E03A54-B22D-466A-9AF1-37F73D265116}.Debug|Any CPU.Build.0 = Debug|Any CPU
		{97E03A54-B22D-466A-9AF1-37F73D265116}.Release|Any CPU.ActiveCfg = Release|Any CPU
		{97E03A54-B22D-466A-9AF1-37F73D265116}.Release|Any CPU.Build.0 = Release|Any CPU
		{2F94BFAE-14D5-44A3-B1F4-F4B08E26C85C}.Debug|Any CPU.ActiveCfg = Debug|Any CPU
		{2F94BFAE-14D5-44A3-B1F4-F4B08E26C85C}.Debug|Any CPU.Build.0 = Debug|Any CPU
		{2F94BFAE-14D5-44A3-B1F4-F4B08E26C85C}.Release|Any CPU.ActiveCfg = Release|Any CPU
		{2F94BFAE-14D5-44A3-B1F4-F4B08E26C85C}.Release|Any CPU.Build.0 = Release|Any CPU
		{CE9D7E65-3156-4E35-BD47-C8890D41A695}.Debug|Any CPU.ActiveCfg = Debug|Any CPU
		{CE9D7E65-3156-4E35-BD47-C8890D41A695}.Debug|Any CPU.Build.0 = Debug|Any CPU
		{CE9D7E65-3156-4E35-BD47-C8890D41A695}.Release|Any CPU.ActiveCfg = Release|Any CPU
		{CE9D7E65-3156-4E35-BD47-C8890D41A695}.Release|Any CPU.Build.0 = Release|Any CPU
		{EF63011A-5560-4C54-910E-4F4501BD7F84}.Debug|Any CPU.ActiveCfg = Debug|Any CPU
		{EF63011A-5560-4C54-910E-4F4501BD7F84}.Debug|Any CPU.Build.0 = Debug|Any CPU
		{EF63011A-5560-4C54-910E-4F4501BD7F84}.Release|Any CPU.ActiveCfg = Release|Any CPU
		{EF63011A-5560-4C54-910E-4F4501BD7F84}.Release|Any CPU.Build.0 = Release|Any CPU
		{C8D05FA5-23F9-428C-AA7B-25E5748E09C9}.Debug|Any CPU.ActiveCfg = Debug|Any CPU
		{C8D05FA5-23F9-428C-AA7B-25E5748E09C9}.Debug|Any CPU.Build.0 = Debug|Any CPU
		{C8D05FA5-23F9-428C-AA7B-25E5748E09C9}.Release|Any CPU.ActiveCfg = Release|Any CPU
		{C8D05FA5-23F9-428C-AA7B-25E5748E09C9}.Release|Any CPU.Build.0 = Release|Any CPU
	EndGlobalSection
	GlobalSection(SolutionProperties) = preSolution
		HideSolutionNode = FALSE
	EndGlobalSection
	GlobalSection(NestedProjects) = preSolution
		{FBB57029-3C84-4CBA-9415-BAC272B336ED} = {A44096EE-7F7D-4DE1-B895-2593C6D0F208}
		{D83A7480-74C3-429C-AD8F-4443A8F877DE} = {A44096EE-7F7D-4DE1-B895-2593C6D0F208}
		{36361ABF-3912-442F-A90C-D30B6F5EBD95} = {A44096EE-7F7D-4DE1-B895-2593C6D0F208}
		{AD9B8A2B-A890-41C8-BD6F-C21F2AD9B7C5} = {A44096EE-7F7D-4DE1-B895-2593C6D0F208}
		{AE55B9D8-1894-4CC4-8C32-D6419C5A803C} = {A44096EE-7F7D-4DE1-B895-2593C6D0F208}
		{140B28C2-81A0-477D-A94A-E2320B08041A} = {A44096EE-7F7D-4DE1-B895-2593C6D0F208}
		{392EE7FB-7765-456C-AD3B-E44610A156B4} = {A44096EE-7F7D-4DE1-B895-2593C6D0F208}
		{A205D309-FA92-48F9-8E30-570D6AFFE767} = {392EE7FB-7765-456C-AD3B-E44610A156B4}
		{28DA77CE-E44A-4D1E-BCEC-106C47C33F04} = {FC3B9609-673B-4A13-AE80-3D8346299252}
		{A8343148-141B-4BD8-88BF-2BF803DCFC8D} = {FC3B9609-673B-4A13-AE80-3D8346299252}
		{98DF28E7-06A7-4CEC-8C1B-526DF8AC2DB4} = {FC3B9609-673B-4A13-AE80-3D8346299252}
		{8A8D9ADB-E037-4F13-A87E-20C72FEFD160} = {FC3B9609-673B-4A13-AE80-3D8346299252}
		{130EC2FE-043B-4565-98D9-9D49FF4A9F09} = {FC3B9609-673B-4A13-AE80-3D8346299252}
		{60CEF8FB-1807-42FC-8E97-9213110F1BA7} = {FC3B9609-673B-4A13-AE80-3D8346299252}
		{CE5E3CE5-CC8F-4365-A824-7428A59176E1} = {3A0291C3-8429-4075-ACF2-1E0FB53ED971}
		{90C3C084-D6E7-4110-9242-BF9BFFC6CD39} = {3A0291C3-8429-4075-ACF2-1E0FB53ED971}
		{25532CBF-DF6E-42E4-AA42-D57F1A187C49} = {3A0291C3-8429-4075-ACF2-1E0FB53ED971}
		{398182AB-F628-44DA-918B-4EE6F7C957CA} = {3A0291C3-8429-4075-ACF2-1E0FB53ED971}
		{7A584D60-8AA2-4AF6-BD77-9E885592B9EA} = {3A0291C3-8429-4075-ACF2-1E0FB53ED971}
		{92475679-A1D8-4CE1-A2A3-BDEA8D9FB3FE} = {3A0291C3-8429-4075-ACF2-1E0FB53ED971}
		{9D96E5EA-64A2-4015-A98E-4D25F97E9A26} = {3A0291C3-8429-4075-ACF2-1E0FB53ED971}
		{C602E3E4-4DFB-4D20-9239-BBC5F2CB0B02} = {3A0291C3-8429-4075-ACF2-1E0FB53ED971}
		{90E3AC11-9A8F-4802-A16B-5BA22CD75054} = {3A0291C3-8429-4075-ACF2-1E0FB53ED971}
		{BB26D60C-352C-4489-AD6A-6E22F136B4A7} = {3A0291C3-8429-4075-ACF2-1E0FB53ED971}
		{023D571A-5D5C-49D4-ACFE-30AAEB49CB76} = {3A0291C3-8429-4075-ACF2-1E0FB53ED971}
		{E9C4E416-9BF8-4A89-BADB-C369795579F2} = {67EA709D-7077-48EA-A86F-BB8192D63197}
		{2C644732-015D-4A3F-BD01-1DC70E1EE737} = {67EA709D-7077-48EA-A86F-BB8192D63197}
		{64A03DAF-E47A-4C29-B06C-B9C429306C5A} = {86E7ECE7-AE10-4770-B397-C3286CD2DFFD}
		{6F607341-5DBF-4F2B-B47B-D55DAA59C1FC} = {86E7ECE7-AE10-4770-B397-C3286CD2DFFD}
		{8A250263-6404-4B10-8FD1-B50BD381E9AE} = {86E7ECE7-AE10-4770-B397-C3286CD2DFFD}
		{97E03A54-B22D-466A-9AF1-37F73D265116} = {EB2A69A0-69E4-4D8F-8D03-71F7F09500DE}
		{2F94BFAE-14D5-44A3-B1F4-F4B08E26C85C} = {EB2A69A0-69E4-4D8F-8D03-71F7F09500DE}
		{CE9D7E65-3156-4E35-BD47-C8890D41A695} = {9D94FFAC-6C31-4C68-8279-9A340562378D}
		{EF63011A-5560-4C54-910E-4F4501BD7F84} = {9D94FFAC-6C31-4C68-8279-9A340562378D}
		{C8D05FA5-23F9-428C-AA7B-25E5748E09C9} = {9D94FFAC-6C31-4C68-8279-9A340562378D}
	EndGlobalSection
	GlobalSection(ExtensibilityGlobals) = postSolution
		SolutionGuid = {B58D8521-A2C9-40BD-A0DA-51CAB39EAAE8}
	EndGlobalSection
EndGlobal
